
Microsoft Visual Studio Solution File, Format Version 12.00
# Visual Studio Version 16
VisualStudioVersion = 16.0.31220.234
MinimumVisualStudioVersion = 10.0.40219.1
Project("{FAE04EC0-301F-11D3-BF4B-00C04F79EFBC}") = "BS", "BS\BS.csproj", "{3AA5BCC2-680D-4539-99F6-96365C7EEDF5}"
EndProject
Global
	GlobalSection(SolutionConfigurationPlatforms) = preSolution
		Debug|Any CPU = Debug|Any CPU
		Release|Any CPU = Release|Any CPU
	EndGlobalSection
	GlobalSection(ProjectConfigurationPlatforms) = postSolution
		{3AA5BCC2-680D-4539-99F6-96365C7EEDF5}.Debug|Any CPU.ActiveCfg = Debug|Any CPU
		{3AA5BCC2-680D-4539-99F6-96365C7EEDF5}.Debug|Any CPU.Build.0 = Debug|Any CPU
		{3AA5BCC2-680D-4539-99F6-96365C7EEDF5}.Release|Any CPU.ActiveCfg = Release|Any CPU
		{3AA5BCC2-680D-4539-99F6-96365C7EEDF5}.Release|Any CPU.Build.0 = Release|Any CPU
	EndGlobalSection
	GlobalSection(SolutionProperties) = preSolution
		HideSolutionNode = FALSE
	EndGlobalSection
	GlobalSection(ExtensibilityGlobals) = postSolution
		SolutionGuid = {EDDACF83-78B5-4A53-BF23-AD5952089636}
	EndGlobalSection
EndGlobal
